
Microsoft Visual Studio Solution File, Format Version 12.00
# Visual Studio Version 17
VisualStudioVersion = 17.0.31903.59
MinimumVisualStudioVersion = 10.0.40219.1
Project("{2150E333-8FDC-42A3-9474-1A3956D46DE8}") = "src", "src", "{827E0CD3-B72D-47B6-A68D-7590B98EB39B}"
EndProject
Project("{FAE04EC0-301F-11D3-BF4B-00C04F79EFBC}") = "InnoShop.Api", "src\InnoShop.Api\InnoShop.Api.csproj", "{27F72418-0271-4DAD-A15E-CD0AE8B2B85C}"
EndProject
Project("{FAE04EC0-301F-11D3-BF4B-00C04F79EFBC}") = "InnoShop.Application", "src\InnoShop.Application\InnoShop.Application.csproj", "{1B23A567-42CB-4121-81CC-F1114B7252E4}"
EndProject
Project("{FAE04EC0-301F-11D3-BF4B-00C04F79EFBC}") = "InnoShop.Domain", "src\InnoShop.Domain\InnoShop.Domain.csproj", "{D3C4421A-3E0F-4F10-9559-479B2508752F}"
EndProject
Project("{FAE04EC0-301F-11D3-BF4B-00C04F79EFBC}") = "InnoShop.Infrastructure", "src\InnoShop.Infrastructure\InnoShop.Infrastructure.csproj", "{45D02467-ACAD-4A2C-965C-8176DAD91E8E}"
EndProject
Global
	GlobalSection(SolutionConfigurationPlatforms) = preSolution
		Debug|Any CPU = Debug|Any CPU
		Debug|x64 = Debug|x64
		Debug|x86 = Debug|x86
		Release|Any CPU = Release|Any CPU
		Release|x64 = Release|x64
		Release|x86 = Release|x86
	EndGlobalSection
	GlobalSection(ProjectConfigurationPlatforms) = postSolution
		{27F72418-0271-4DAD-A15E-CD0AE8B2B85C}.Debug|Any CPU.ActiveCfg = Debug|Any CPU
		{27F72418-0271-4DAD-A15E-CD0AE8B2B85C}.Debug|Any CPU.Build.0 = Debug|Any CPU
		{27F72418-0271-4DAD-A15E-CD0AE8B2B85C}.Debug|x64.ActiveCfg = Debug|Any CPU
		{27F72418-0271-4DAD-A15E-CD0AE8B2B85C}.Debug|x64.Build.0 = Debug|Any CPU
		{27F72418-0271-4DAD-A15E-CD0AE8B2B85C}.Debug|x86.ActiveCfg = Debug|Any CPU
		{27F72418-0271-4DAD-A15E-CD0AE8B2B85C}.Debug|x86.Build.0 = Debug|Any CPU
		{27F72418-0271-4DAD-A15E-CD0AE8B2B85C}.Release|Any CPU.ActiveCfg = Release|Any CPU
		{27F72418-0271-4DAD-A15E-CD0AE8B2B85C}.Release|Any CPU.Build.0 = Release|Any CPU
		{27F72418-0271-4DAD-A15E-CD0AE8B2B85C}.Release|x64.ActiveCfg = Release|Any CPU
		{27F72418-0271-4DAD-A15E-CD0AE8B2B85C}.Release|x64.Build.0 = Release|Any CPU
		{27F72418-0271-4DAD-A15E-CD0AE8B2B85C}.Release|x86.ActiveCfg = Release|Any CPU
		{27F72418-0271-4DAD-A15E-CD0AE8B2B85C}.Release|x86.Build.0 = Release|Any CPU
		{1B23A567-42CB-4121-81CC-F1114B7252E4}.Debug|Any CPU.ActiveCfg = Debug|Any CPU
		{1B23A567-42CB-4121-81CC-F1114B7252E4}.Debug|Any CPU.Build.0 = Debug|Any CPU
		{1B23A567-42CB-4121-81CC-F1114B7252E4}.Debug|x64.ActiveCfg = Debug|Any CPU
		{1B23A567-42CB-4121-81CC-F1114B7252E4}.Debug|x64.Build.0 = Debug|Any CPU
		{1B23A567-42CB-4121-81CC-F1114B7252E4}.Debug|x86.ActiveCfg = Debug|Any CPU
		{1B23A567-42CB-4121-81CC-F1114B7252E4}.Debug|x86.Build.0 = Debug|Any CPU
		{1B23A567-42CB-4121-81CC-F1114B7252E4}.Release|Any CPU.ActiveCfg = Release|Any CPU
		{1B23A567-42CB-4121-81CC-F1114B7252E4}.Release|Any CPU.Build.0 = Release|Any CPU
		{1B23A567-42CB-4121-81CC-F1114B7252E4}.Release|x64.ActiveCfg = Release|Any CPU
		{1B23A567-42CB-4121-81CC-F1114B7252E4}.Release|x64.Build.0 = Release|Any CPU
		{1B23A567-42CB-4121-81CC-F1114B7252E4}.Release|x86.ActiveCfg = Release|Any CPU
		{1B23A567-42CB-4121-81CC-F1114B7252E4}.Release|x86.Build.0 = Release|Any CPU
		{D3C4421A-3E0F-4F10-9559-479B2508752F}.Debug|Any CPU.ActiveCfg = Debug|Any CPU
		{D3C4421A-3E0F-4F10-9559-479B2508752F}.Debug|Any CPU.Build.0 = Debug|Any CPU
		{D3C4421A-3E0F-4F10-9559-479B2508752F}.Debug|x64.ActiveCfg = Debug|Any CPU
		{D3C4421A-3E0F-4F10-9559-479B2508752F}.Debug|x64.Build.0 = Debug|Any CPU
		{D3C4421A-3E0F-4F10-9559-479B2508752F}.Debug|x86.ActiveCfg = Debug|Any CPU
		{D3C4421A-3E0F-4F10-9559-479B2508752F}.Debug|x86.Build.0 = Debug|Any CPU
		{D3C4421A-3E0F-4F10-9559-479B2508752F}.Release|Any CPU.ActiveCfg = Release|Any CPU
		{D3C4421A-3E0F-4F10-9559-479B2508752F}.Release|Any CPU.Build.0 = Release|Any CPU
		{D3C4421A-3E0F-4F10-9559-479B2508752F}.Release|x64.ActiveCfg = Release|Any CPU
		{D3C4421A-3E0F-4F10-9559-479B2508752F}.Release|x64.Build.0 = Release|Any CPU
		{D3C4421A-3E0F-4F10-9559-479B2508752F}.Release|x86.ActiveCfg = Release|Any CPU
		{D3C4421A-3E0F-4F10-9559-479B2508752F}.Release|x86.Build.0 = Release|Any CPU
		{45D02467-ACAD-4A2C-965C-8176DAD91E8E}.Debug|Any CPU.ActiveCfg = Debug|Any CPU
		{45D02467-ACAD-4A2C-965C-8176DAD91E8E}.Debug|Any CPU.Build.0 = Debug|Any CPU
		{45D02467-ACAD-4A2C-965C-8176DAD91E8E}.Debug|x64.ActiveCfg = Debug|Any CPU
		{45D02467-ACAD-4A2C-965C-8176DAD91E8E}.Debug|x64.Build.0 = Debug|Any CPU
		{45D02467-ACAD-4A2C-965C-8176DAD91E8E}.Debug|x86.ActiveCfg = Debug|Any CPU
		{45D02467-ACAD-4A2C-965C-8176DAD91E8E}.Debug|x86.Build.0 = Debug|Any CPU
		{45D02467-ACAD-4A2C-965C-8176DAD91E8E}.Release|Any CPU.ActiveCfg = Release|Any CPU
		{45D02467-ACAD-4A2C-965C-8176DAD91E8E}.Release|Any CPU.Build.0 = Release|Any CPU
		{45D02467-ACAD-4A2C-965C-8176DAD91E8E}.Release|x64.ActiveCfg = Release|Any CPU
		{45D02467-ACAD-4A2C-965C-8176DAD91E8E}.Release|x64.Build.0 = Release|Any CPU
		{45D02467-ACAD-4A2C-965C-8176DAD91E8E}.Release|x86.ActiveCfg = Release|Any CPU
		{45D02467-ACAD-4A2C-965C-8176DAD91E8E}.Release|x86.Build.0 = Release|Any CPU
	EndGlobalSection
	GlobalSection(SolutionProperties) = preSolution
		HideSolutionNode = FALSE
	EndGlobalSection
	GlobalSection(NestedProjects) = preSolution
		{27F72418-0271-4DAD-A15E-CD0AE8B2B85C} = {827E0CD3-B72D-47B6-A68D-7590B98EB39B}
		{1B23A567-42CB-4121-81CC-F1114B7252E4} = {827E0CD3-B72D-47B6-A68D-7590B98EB39B}
		{D3C4421A-3E0F-4F10-9559-479B2508752F} = {827E0CD3-B72D-47B6-A68D-7590B98EB39B}
		{45D02467-ACAD-4A2C-965C-8176DAD91E8E} = {827E0CD3-B72D-47B6-A68D-7590B98EB39B}
	EndGlobalSection
EndGlobal
