
Microsoft Visual Studio Solution File, Format Version 12.00
# Visual Studio Version 18
VisualStudioVersion = 18.0.11222.15
MinimumVisualStudioVersion = 17.8.0.0
Project("{9A19103F-16F7-4668-BE54-9A1E7A4F7556}") = "InnoShop.AppHost", "InnoShop.AppHost\InnoShop.AppHost.csproj", "{322BE5E9-991F-4D93-A99D-89D713A18E27}"
EndProject
Project("{9A19103F-16F7-4668-BE54-9A1E7A4F7556}") = "InnoShop.ServiceDefaults", "InnoShop.ServiceDefaults\InnoShop.ServiceDefaults.csproj", "{1792CA22-2EE4-45A7-98E5-6993813B75CA}"
EndProject
Project("{2150E333-8FDC-42A3-9474-1A3956D46DE8}") = "InnoShop.ProductManagement", "InnoShop.ProductManagement", "{507B8A91-E4F7-728F-AB7D-FD2B6FCA00AD}"
EndProject
Project("{2150E333-8FDC-42A3-9474-1A3956D46DE8}") = "src", "src", "{C3763A35-48D5-FC42-A1D2-F95B9D6D048D}"
EndProject
Project("{FAE04EC0-301F-11D3-BF4B-00C04F79EFBC}") = "InnoShop.ProductManagement.Api", "InnoShop.ProductManagement\src\InnoShop.ProductManagement.Api\InnoShop.ProductManagement.Api.csproj", "{FDC7462B-08AA-426D-B002-F59437ADF389}"
EndProject
Project("{FAE04EC0-301F-11D3-BF4B-00C04F79EFBC}") = "InnoShop.ProductManagement.Application", "InnoShop.ProductManagement\src\InnoShop.ProductManagement.Application\InnoShop.ProductManagement.Application.csproj", "{0D81E45B-6C78-4000-AC93-F022CE880DA9}"
EndProject
Project("{FAE04EC0-301F-11D3-BF4B-00C04F79EFBC}") = "InnoShop.ProductManagement.Domain", "InnoShop.ProductManagement\src\InnoShop.ProductManagement.Domain\InnoShop.ProductManagement.Domain.csproj", "{51B02B4F-C666-4387-9320-E26C4C928000}"
EndProject
Project("{FAE04EC0-301F-11D3-BF4B-00C04F79EFBC}") = "InnoShop.ProductManagement.Infrastructure", "InnoShop.ProductManagement\src\InnoShop.ProductManagement.Infrastructure\InnoShop.ProductManagement.Infrastructure.csproj", "{2B75DB83-E4B1-4679-8CF9-9D5F783A43E9}"
EndProject
Project("{FAE04EC0-301F-11D3-BF4B-00C04F79EFBC}") = "InnoShop.SharedKernel", "InnoShop.SharedKernel\InnoShop.SharedKernel.csproj", "{01D86ABF-53BF-4250-98C3-A56700844E6B}"
EndProject
Project("{2150E333-8FDC-42A3-9474-1A3956D46DE8}") = "InnoShop.UserManagement", "InnoShop.UserManagement", "{CEBFBBCA-5594-058F-1B4F-7859BC665445}"
EndProject
Project("{2150E333-8FDC-42A3-9474-1A3956D46DE8}") = "src", "src", "{36590625-CBD7-341E-9646-3E4D171B6B53}"
EndProject
Project("{FAE04EC0-301F-11D3-BF4B-00C04F79EFBC}") = "InnoShop.UserManagement.Api", "InnoShop.UserManagement\src\InnoShop.UserManagement.Api\InnoShop.UserManagement.Api.csproj", "{3956380C-DB7E-4EF9-80D3-68F9B107B562}"
EndProject
Project("{FAE04EC0-301F-11D3-BF4B-00C04F79EFBC}") = "InnoShop.UserManagement.Application", "InnoShop.UserManagement\src\InnoShop.UserManagement.Application\InnoShop.UserManagement.Application.csproj", "{055B867F-47FE-4C90-A6C4-AB66BC841BC2}"
EndProject
Project("{FAE04EC0-301F-11D3-BF4B-00C04F79EFBC}") = "InnoShop.UserManagement.Domain", "InnoShop.UserManagement\src\InnoShop.UserManagement.Domain\InnoShop.UserManagement.Domain.csproj", "{63932252-D10D-471E-82F9-707B6B28E804}"
EndProject
Project("{FAE04EC0-301F-11D3-BF4B-00C04F79EFBC}") = "InnoShop.UserManagement.Contracts", "InnoShop.UserManagement\src\InnoShop.UserManagement.Contracts\InnoShop.UserManagement.Contracts.csproj", "{3AA65EBC-388E-4789-8DF1-9CF3699DD222}"
EndProject
Project("{FAE04EC0-301F-11D3-BF4B-00C04F79EFBC}") = "InnoShop.UserManagement.Infrastructure", "InnoShop.UserManagement\src\InnoShop.UserManagement.Infrastructure\InnoShop.UserManagement.Infrastructure.csproj", "{1CBFB84C-85D8-4231-82B6-FFE627EF28FA}"
EndProject
Project("{2150E333-8FDC-42A3-9474-1A3956D46DE8}") = "tests", "tests", "{A910A633-008A-E96C-ADE8-E734DAD8F51F}"
EndProject
Project("{FAE04EC0-301F-11D3-BF4B-00C04F79EFBC}") = "InnoShop.UserManagement.Application.SubcutaneousTests", "InnoShop.UserManagement\tests\InnoShop.UserManagement.Application.SubcutaneousTests\InnoShop.UserManagement.Application.SubcutaneousTests.csproj", "{93BB3926-7C0B-461B-88CA-D58A15CE78C6}"
EndProject
Project("{FAE04EC0-301F-11D3-BF4B-00C04F79EFBC}") = "InnoShop.UserManagement.Application.UnitTests", "InnoShop.UserManagement\tests\InnoShop.UserManagement.Application.UnitTests\InnoShop.UserManagement.Application.UnitTests.csproj", "{C09CD186-E697-47A1-9EC6-028943812C3D}"
EndProject
Project("{FAE04EC0-301F-11D3-BF4B-00C04F79EFBC}") = "TestCommon", "InnoShop.UserManagement\tests\TestCommon\TestCommon.csproj", "{006DDA1C-44AC-41E4-AF0F-AA88D18B06E5}"
EndProject
Project("{FAE04EC0-301F-11D3-BF4B-00C04F79EFBC}") = "InnoShop.UserManagement.Domain.UnitTests", "InnoShop.UserManagement\tests\InnoShop.UserManagement.Domain.UnitTests\InnoShop.UserManagement.Domain.UnitTests.csproj", "{48D84537-E2AE-4A37-BC5D-58A8BD0D5B76}"
EndProject
Global
	GlobalSection(SolutionConfigurationPlatforms) = preSolution
		Debug|Any CPU = Debug|Any CPU
		Debug|x64 = Debug|x64
		Debug|x86 = Debug|x86
		Release|Any CPU = Release|Any CPU
		Release|x64 = Release|x64
		Release|x86 = Release|x86
	EndGlobalSection
	GlobalSection(ProjectConfigurationPlatforms) = postSolution
		{322BE5E9-991F-4D93-A99D-89D713A18E27}.Debug|Any CPU.ActiveCfg = Debug|Any CPU
		{322BE5E9-991F-4D93-A99D-89D713A18E27}.Debug|Any CPU.Build.0 = Debug|Any CPU
		{322BE5E9-991F-4D93-A99D-89D713A18E27}.Debug|x64.ActiveCfg = Debug|Any CPU
		{322BE5E9-991F-4D93-A99D-89D713A18E27}.Debug|x64.Build.0 = Debug|Any CPU
		{322BE5E9-991F-4D93-A99D-89D713A18E27}.Debug|x86.ActiveCfg = Debug|Any CPU
		{322BE5E9-991F-4D93-A99D-89D713A18E27}.Debug|x86.Build.0 = Debug|Any CPU
		{322BE5E9-991F-4D93-A99D-89D713A18E27}.Release|Any CPU.ActiveCfg = Release|Any CPU
		{322BE5E9-991F-4D93-A99D-89D713A18E27}.Release|Any CPU.Build.0 = Release|Any CPU
		{322BE5E9-991F-4D93-A99D-89D713A18E27}.Release|x64.ActiveCfg = Release|Any CPU
		{322BE5E9-991F-4D93-A99D-89D713A18E27}.Release|x64.Build.0 = Release|Any CPU
		{322BE5E9-991F-4D93-A99D-89D713A18E27}.Release|x86.ActiveCfg = Release|Any CPU
		{322BE5E9-991F-4D93-A99D-89D713A18E27}.Release|x86.Build.0 = Release|Any CPU
		{1792CA22-2EE4-45A7-98E5-6993813B75CA}.Debug|Any CPU.ActiveCfg = Debug|Any CPU
		{1792CA22-2EE4-45A7-98E5-6993813B75CA}.Debug|Any CPU.Build.0 = Debug|Any CPU
		{1792CA22-2EE4-45A7-98E5-6993813B75CA}.Debug|x64.ActiveCfg = Debug|Any CPU
		{1792CA22-2EE4-45A7-98E5-6993813B75CA}.Debug|x64.Build.0 = Debug|Any CPU
		{1792CA22-2EE4-45A7-98E5-6993813B75CA}.Debug|x86.ActiveCfg = Debug|Any CPU
		{1792CA22-2EE4-45A7-98E5-6993813B75CA}.Debug|x86.Build.0 = Debug|Any CPU
		{1792CA22-2EE4-45A7-98E5-6993813B75CA}.Release|Any CPU.ActiveCfg = Release|Any CPU
		{1792CA22-2EE4-45A7-98E5-6993813B75CA}.Release|Any CPU.Build.0 = Release|Any CPU
		{1792CA22-2EE4-45A7-98E5-6993813B75CA}.Release|x64.ActiveCfg = Release|Any CPU
		{1792CA22-2EE4-45A7-98E5-6993813B75CA}.Release|x64.Build.0 = Release|Any CPU
		{1792CA22-2EE4-45A7-98E5-6993813B75CA}.Release|x86.ActiveCfg = Release|Any CPU
		{1792CA22-2EE4-45A7-98E5-6993813B75CA}.Release|x86.Build.0 = Release|Any CPU
		{FDC7462B-08AA-426D-B002-F59437ADF389}.Debug|Any CPU.ActiveCfg = Debug|Any CPU
		{FDC7462B-08AA-426D-B002-F59437ADF389}.Debug|Any CPU.Build.0 = Debug|Any CPU
		{FDC7462B-08AA-426D-B002-F59437ADF389}.Debug|x64.ActiveCfg = Debug|Any CPU
		{FDC7462B-08AA-426D-B002-F59437ADF389}.Debug|x64.Build.0 = Debug|Any CPU
		{FDC7462B-08AA-426D-B002-F59437ADF389}.Debug|x86.ActiveCfg = Debug|Any CPU
		{FDC7462B-08AA-426D-B002-F59437ADF389}.Debug|x86.Build.0 = Debug|Any CPU
		{FDC7462B-08AA-426D-B002-F59437ADF389}.Release|Any CPU.ActiveCfg = Release|Any CPU
		{FDC7462B-08AA-426D-B002-F59437ADF389}.Release|Any CPU.Build.0 = Release|Any CPU
		{FDC7462B-08AA-426D-B002-F59437ADF389}.Release|x64.ActiveCfg = Release|Any CPU
		{FDC7462B-08AA-426D-B002-F59437ADF389}.Release|x64.Build.0 = Release|Any CPU
		{FDC7462B-08AA-426D-B002-F59437ADF389}.Release|x86.ActiveCfg = Release|Any CPU
		{FDC7462B-08AA-426D-B002-F59437ADF389}.Release|x86.Build.0 = Release|Any CPU
		{0D81E45B-6C78-4000-AC93-F022CE880DA9}.Debug|Any CPU.ActiveCfg = Debug|Any CPU
		{0D81E45B-6C78-4000-AC93-F022CE880DA9}.Debug|Any CPU.Build.0 = Debug|Any CPU
		{0D81E45B-6C78-4000-AC93-F022CE880DA9}.Debug|x64.ActiveCfg = Debug|Any CPU
		{0D81E45B-6C78-4000-AC93-F022CE880DA9}.Debug|x64.Build.0 = Debug|Any CPU
		{0D81E45B-6C78-4000-AC93-F022CE880DA9}.Debug|x86.ActiveCfg = Debug|Any CPU
		{0D81E45B-6C78-4000-AC93-F022CE880DA9}.Debug|x86.Build.0 = Debug|Any CPU
		{0D81E45B-6C78-4000-AC93-F022CE880DA9}.Release|Any CPU.ActiveCfg = Release|Any CPU
		{0D81E45B-6C78-4000-AC93-F022CE880DA9}.Release|Any CPU.Build.0 = Release|Any CPU
		{0D81E45B-6C78-4000-AC93-F022CE880DA9}.Release|x64.ActiveCfg = Release|Any CPU
		{0D81E45B-6C78-4000-AC93-F022CE880DA9}.Release|x64.Build.0 = Release|Any CPU
		{0D81E45B-6C78-4000-AC93-F022CE880DA9}.Release|x86.ActiveCfg = Release|Any CPU
		{0D81E45B-6C78-4000-AC93-F022CE880DA9}.Release|x86.Build.0 = Release|Any CPU
		{51B02B4F-C666-4387-9320-E26C4C928000}.Debug|Any CPU.ActiveCfg = Debug|Any CPU
		{51B02B4F-C666-4387-9320-E26C4C928000}.Debug|Any CPU.Build.0 = Debug|Any CPU
		{51B02B4F-C666-4387-9320-E26C4C928000}.Debug|x64.ActiveCfg = Debug|Any CPU
		{51B02B4F-C666-4387-9320-E26C4C928000}.Debug|x64.Build.0 = Debug|Any CPU
		{51B02B4F-C666-4387-9320-E26C4C928000}.Debug|x86.ActiveCfg = Debug|Any CPU
		{51B02B4F-C666-4387-9320-E26C4C928000}.Debug|x86.Build.0 = Debug|Any CPU
		{51B02B4F-C666-4387-9320-E26C4C928000}.Release|Any CPU.ActiveCfg = Release|Any CPU
		{51B02B4F-C666-4387-9320-E26C4C928000}.Release|Any CPU.Build.0 = Release|Any CPU
		{51B02B4F-C666-4387-9320-E26C4C928000}.Release|x64.ActiveCfg = Release|Any CPU
		{51B02B4F-C666-4387-9320-E26C4C928000}.Release|x64.Build.0 = Release|Any CPU
		{51B02B4F-C666-4387-9320-E26C4C928000}.Release|x86.ActiveCfg = Release|Any CPU
		{51B02B4F-C666-4387-9320-E26C4C928000}.Release|x86.Build.0 = Release|Any CPU
		{2B75DB83-E4B1-4679-8CF9-9D5F783A43E9}.Debug|Any CPU.ActiveCfg = Debug|Any CPU
		{2B75DB83-E4B1-4679-8CF9-9D5F783A43E9}.Debug|Any CPU.Build.0 = Debug|Any CPU
		{2B75DB83-E4B1-4679-8CF9-9D5F783A43E9}.Debug|x64.ActiveCfg = Debug|Any CPU
		{2B75DB83-E4B1-4679-8CF9-9D5F783A43E9}.Debug|x64.Build.0 = Debug|Any CPU
		{2B75DB83-E4B1-4679-8CF9-9D5F783A43E9}.Debug|x86.ActiveCfg = Debug|Any CPU
		{2B75DB83-E4B1-4679-8CF9-9D5F783A43E9}.Debug|x86.Build.0 = Debug|Any CPU
		{2B75DB83-E4B1-4679-8CF9-9D5F783A43E9}.Release|Any CPU.ActiveCfg = Release|Any CPU
		{2B75DB83-E4B1-4679-8CF9-9D5F783A43E9}.Release|Any CPU.Build.0 = Release|Any CPU
		{2B75DB83-E4B1-4679-8CF9-9D5F783A43E9}.Release|x64.ActiveCfg = Release|Any CPU
		{2B75DB83-E4B1-4679-8CF9-9D5F783A43E9}.Release|x64.Build.0 = Release|Any CPU
		{2B75DB83-E4B1-4679-8CF9-9D5F783A43E9}.Release|x86.ActiveCfg = Release|Any CPU
		{2B75DB83-E4B1-4679-8CF9-9D5F783A43E9}.Release|x86.Build.0 = Release|Any CPU
		{01D86ABF-53BF-4250-98C3-A56700844E6B}.Debug|Any CPU.ActiveCfg = Debug|Any CPU
		{01D86ABF-53BF-4250-98C3-A56700844E6B}.Debug|Any CPU.Build.0 = Debug|Any CPU
		{01D86ABF-53BF-4250-98C3-A56700844E6B}.Debug|x64.ActiveCfg = Debug|Any CPU
		{01D86ABF-53BF-4250-98C3-A56700844E6B}.Debug|x64.Build.0 = Debug|Any CPU
		{01D86ABF-53BF-4250-98C3-A56700844E6B}.Debug|x86.ActiveCfg = Debug|Any CPU
		{01D86ABF-53BF-4250-98C3-A56700844E6B}.Debug|x86.Build.0 = Debug|Any CPU
		{01D86ABF-53BF-4250-98C3-A56700844E6B}.Release|Any CPU.ActiveCfg = Release|Any CPU
		{01D86ABF-53BF-4250-98C3-A56700844E6B}.Release|Any CPU.Build.0 = Release|Any CPU
		{01D86ABF-53BF-4250-98C3-A56700844E6B}.Release|x64.ActiveCfg = Release|Any CPU
		{01D86ABF-53BF-4250-98C3-A56700844E6B}.Release|x64.Build.0 = Release|Any CPU
		{01D86ABF-53BF-4250-98C3-A56700844E6B}.Release|x86.ActiveCfg = Release|Any CPU
		{01D86ABF-53BF-4250-98C3-A56700844E6B}.Release|x86.Build.0 = Release|Any CPU
		{3956380C-DB7E-4EF9-80D3-68F9B107B562}.Debug|Any CPU.ActiveCfg = Debug|Any CPU
		{3956380C-DB7E-4EF9-80D3-68F9B107B562}.Debug|Any CPU.Build.0 = Debug|Any CPU
		{3956380C-DB7E-4EF9-80D3-68F9B107B562}.Debug|x64.ActiveCfg = Debug|Any CPU
		{3956380C-DB7E-4EF9-80D3-68F9B107B562}.Debug|x64.Build.0 = Debug|Any CPU
		{3956380C-DB7E-4EF9-80D3-68F9B107B562}.Debug|x86.ActiveCfg = Debug|Any CPU
		{3956380C-DB7E-4EF9-80D3-68F9B107B562}.Debug|x86.Build.0 = Debug|Any CPU
		{3956380C-DB7E-4EF9-80D3-68F9B107B562}.Release|Any CPU.ActiveCfg = Release|Any CPU
		{3956380C-DB7E-4EF9-80D3-68F9B107B562}.Release|Any CPU.Build.0 = Release|Any CPU
		{3956380C-DB7E-4EF9-80D3-68F9B107B562}.Release|x64.ActiveCfg = Release|Any CPU
		{3956380C-DB7E-4EF9-80D3-68F9B107B562}.Release|x64.Build.0 = Release|Any CPU
		{3956380C-DB7E-4EF9-80D3-68F9B107B562}.Release|x86.ActiveCfg = Release|Any CPU
		{3956380C-DB7E-4EF9-80D3-68F9B107B562}.Release|x86.Build.0 = Release|Any CPU
		{055B867F-47FE-4C90-A6C4-AB66BC841BC2}.Debug|Any CPU.ActiveCfg = Debug|Any CPU
		{055B867F-47FE-4C90-A6C4-AB66BC841BC2}.Debug|Any CPU.Build.0 = Debug|Any CPU
		{055B867F-47FE-4C90-A6C4-AB66BC841BC2}.Debug|x64.ActiveCfg = Debug|Any CPU
		{055B867F-47FE-4C90-A6C4-AB66BC841BC2}.Debug|x64.Build.0 = Debug|Any CPU
		{055B867F-47FE-4C90-A6C4-AB66BC841BC2}.Debug|x86.ActiveCfg = Debug|Any CPU
		{055B867F-47FE-4C90-A6C4-AB66BC841BC2}.Debug|x86.Build.0 = Debug|Any CPU
		{055B867F-47FE-4C90-A6C4-AB66BC841BC2}.Release|Any CPU.ActiveCfg = Release|Any CPU
		{055B867F-47FE-4C90-A6C4-AB66BC841BC2}.Release|Any CPU.Build.0 = Release|Any CPU
		{055B867F-47FE-4C90-A6C4-AB66BC841BC2}.Release|x64.ActiveCfg = Release|Any CPU
		{055B867F-47FE-4C90-A6C4-AB66BC841BC2}.Release|x64.Build.0 = Release|Any CPU
		{055B867F-47FE-4C90-A6C4-AB66BC841BC2}.Release|x86.ActiveCfg = Release|Any CPU
		{055B867F-47FE-4C90-A6C4-AB66BC841BC2}.Release|x86.Build.0 = Release|Any CPU
		{63932252-D10D-471E-82F9-707B6B28E804}.Debug|Any CPU.ActiveCfg = Debug|Any CPU
		{63932252-D10D-471E-82F9-707B6B28E804}.Debug|Any CPU.Build.0 = Debug|Any CPU
		{63932252-D10D-471E-82F9-707B6B28E804}.Debug|x64.ActiveCfg = Debug|Any CPU
		{63932252-D10D-471E-82F9-707B6B28E804}.Debug|x64.Build.0 = Debug|Any CPU
		{63932252-D10D-471E-82F9-707B6B28E804}.Debug|x86.ActiveCfg = Debug|Any CPU
		{63932252-D10D-471E-82F9-707B6B28E804}.Debug|x86.Build.0 = Debug|Any CPU
		{63932252-D10D-471E-82F9-707B6B28E804}.Release|Any CPU.ActiveCfg = Release|Any CPU
		{63932252-D10D-471E-82F9-707B6B28E804}.Release|Any CPU.Build.0 = Release|Any CPU
		{63932252-D10D-471E-82F9-707B6B28E804}.Release|x64.ActiveCfg = Release|Any CPU
		{63932252-D10D-471E-82F9-707B6B28E804}.Release|x64.Build.0 = Release|Any CPU
		{63932252-D10D-471E-82F9-707B6B28E804}.Release|x86.ActiveCfg = Release|Any CPU
		{63932252-D10D-471E-82F9-707B6B28E804}.Release|x86.Build.0 = Release|Any CPU
		{3AA65EBC-388E-4789-8DF1-9CF3699DD222}.Debug|Any CPU.ActiveCfg = Debug|Any CPU
		{3AA65EBC-388E-4789-8DF1-9CF3699DD222}.Debug|Any CPU.Build.0 = Debug|Any CPU
		{3AA65EBC-388E-4789-8DF1-9CF3699DD222}.Debug|x64.ActiveCfg = Debug|Any CPU
		{3AA65EBC-388E-4789-8DF1-9CF3699DD222}.Debug|x64.Build.0 = Debug|Any CPU
		{3AA65EBC-388E-4789-8DF1-9CF3699DD222}.Debug|x86.ActiveCfg = Debug|Any CPU
		{3AA65EBC-388E-4789-8DF1-9CF3699DD222}.Debug|x86.Build.0 = Debug|Any CPU
		{3AA65EBC-388E-4789-8DF1-9CF3699DD222}.Release|Any CPU.ActiveCfg = Release|Any CPU
		{3AA65EBC-388E-4789-8DF1-9CF3699DD222}.Release|Any CPU.Build.0 = Release|Any CPU
		{3AA65EBC-388E-4789-8DF1-9CF3699DD222}.Release|x64.ActiveCfg = Release|Any CPU
		{3AA65EBC-388E-4789-8DF1-9CF3699DD222}.Release|x64.Build.0 = Release|Any CPU
		{3AA65EBC-388E-4789-8DF1-9CF3699DD222}.Release|x86.ActiveCfg = Release|Any CPU
		{3AA65EBC-388E-4789-8DF1-9CF3699DD222}.Release|x86.Build.0 = Release|Any CPU
		{1CBFB84C-85D8-4231-82B6-FFE627EF28FA}.Debug|Any CPU.ActiveCfg = Debug|Any CPU
		{1CBFB84C-85D8-4231-82B6-FFE627EF28FA}.Debug|Any CPU.Build.0 = Debug|Any CPU
		{1CBFB84C-85D8-4231-82B6-FFE627EF28FA}.Debug|x64.ActiveCfg = Debug|Any CPU
		{1CBFB84C-85D8-4231-82B6-FFE627EF28FA}.Debug|x64.Build.0 = Debug|Any CPU
		{1CBFB84C-85D8-4231-82B6-FFE627EF28FA}.Debug|x86.ActiveCfg = Debug|Any CPU
		{1CBFB84C-85D8-4231-82B6-FFE627EF28FA}.Debug|x86.Build.0 = Debug|Any CPU
		{1CBFB84C-85D8-4231-82B6-FFE627EF28FA}.Release|Any CPU.ActiveCfg = Release|Any CPU
		{1CBFB84C-85D8-4231-82B6-FFE627EF28FA}.Release|Any CPU.Build.0 = Release|Any CPU
		{1CBFB84C-85D8-4231-82B6-FFE627EF28FA}.Release|x64.ActiveCfg = Release|Any CPU
		{1CBFB84C-85D8-4231-82B6-FFE627EF28FA}.Release|x64.Build.0 = Release|Any CPU
		{1CBFB84C-85D8-4231-82B6-FFE627EF28FA}.Release|x86.ActiveCfg = Release|Any CPU
		{1CBFB84C-85D8-4231-82B6-FFE627EF28FA}.Release|x86.Build.0 = Release|Any CPU
		{93BB3926-7C0B-461B-88CA-D58A15CE78C6}.Debug|Any CPU.ActiveCfg = Debug|Any CPU
		{93BB3926-7C0B-461B-88CA-D58A15CE78C6}.Debug|Any CPU.Build.0 = Debug|Any CPU
		{93BB3926-7C0B-461B-88CA-D58A15CE78C6}.Debug|x64.ActiveCfg = Debug|Any CPU
		{93BB3926-7C0B-461B-88CA-D58A15CE78C6}.Debug|x64.Build.0 = Debug|Any CPU
		{93BB3926-7C0B-461B-88CA-D58A15CE78C6}.Debug|x86.ActiveCfg = Debug|Any CPU
		{93BB3926-7C0B-461B-88CA-D58A15CE78C6}.Debug|x86.Build.0 = Debug|Any CPU
		{93BB3926-7C0B-461B-88CA-D58A15CE78C6}.Release|Any CPU.ActiveCfg = Release|Any CPU
		{93BB3926-7C0B-461B-88CA-D58A15CE78C6}.Release|Any CPU.Build.0 = Release|Any CPU
		{93BB3926-7C0B-461B-88CA-D58A15CE78C6}.Release|x64.ActiveCfg = Release|Any CPU
		{93BB3926-7C0B-461B-88CA-D58A15CE78C6}.Release|x64.Build.0 = Release|Any CPU
		{93BB3926-7C0B-461B-88CA-D58A15CE78C6}.Release|x86.ActiveCfg = Release|Any CPU
		{93BB3926-7C0B-461B-88CA-D58A15CE78C6}.Release|x86.Build.0 = Release|Any CPU
		{C09CD186-E697-47A1-9EC6-028943812C3D}.Debug|Any CPU.ActiveCfg = Debug|Any CPU
		{C09CD186-E697-47A1-9EC6-028943812C3D}.Debug|Any CPU.Build.0 = Debug|Any CPU
		{C09CD186-E697-47A1-9EC6-028943812C3D}.Debug|x64.ActiveCfg = Debug|Any CPU
		{C09CD186-E697-47A1-9EC6-028943812C3D}.Debug|x64.Build.0 = Debug|Any CPU
		{C09CD186-E697-47A1-9EC6-028943812C3D}.Debug|x86.ActiveCfg = Debug|Any CPU
		{C09CD186-E697-47A1-9EC6-028943812C3D}.Debug|x86.Build.0 = Debug|Any CPU
		{C09CD186-E697-47A1-9EC6-028943812C3D}.Release|Any CPU.ActiveCfg = Release|Any CPU
		{C09CD186-E697-47A1-9EC6-028943812C3D}.Release|Any CPU.Build.0 = Release|Any CPU
		{C09CD186-E697-47A1-9EC6-028943812C3D}.Release|x64.ActiveCfg = Release|Any CPU
		{C09CD186-E697-47A1-9EC6-028943812C3D}.Release|x64.Build.0 = Release|Any CPU
		{C09CD186-E697-47A1-9EC6-028943812C3D}.Release|x86.ActiveCfg = Release|Any CPU
		{C09CD186-E697-47A1-9EC6-028943812C3D}.Release|x86.Build.0 = Release|Any CPU
		{006DDA1C-44AC-41E4-AF0F-AA88D18B06E5}.Debug|Any CPU.ActiveCfg = Debug|Any CPU
		{006DDA1C-44AC-41E4-AF0F-AA88D18B06E5}.Debug|Any CPU.Build.0 = Debug|Any CPU
		{006DDA1C-44AC-41E4-AF0F-AA88D18B06E5}.Debug|x64.ActiveCfg = Debug|Any CPU
		{006DDA1C-44AC-41E4-AF0F-AA88D18B06E5}.Debug|x64.Build.0 = Debug|Any CPU
		{006DDA1C-44AC-41E4-AF0F-AA88D18B06E5}.Debug|x86.ActiveCfg = Debug|Any CPU
		{006DDA1C-44AC-41E4-AF0F-AA88D18B06E5}.Debug|x86.Build.0 = Debug|Any CPU
		{006DDA1C-44AC-41E4-AF0F-AA88D18B06E5}.Release|Any CPU.ActiveCfg = Release|Any CPU
		{006DDA1C-44AC-41E4-AF0F-AA88D18B06E5}.Release|Any CPU.Build.0 = Release|Any CPU
		{006DDA1C-44AC-41E4-AF0F-AA88D18B06E5}.Release|x64.ActiveCfg = Release|Any CPU
		{006DDA1C-44AC-41E4-AF0F-AA88D18B06E5}.Release|x64.Build.0 = Release|Any CPU
		{006DDA1C-44AC-41E4-AF0F-AA88D18B06E5}.Release|x86.ActiveCfg = Release|Any CPU
		{006DDA1C-44AC-41E4-AF0F-AA88D18B06E5}.Release|x86.Build.0 = Release|Any CPU
		{48D84537-E2AE-4A37-BC5D-58A8BD0D5B76}.Debug|Any CPU.ActiveCfg = Debug|Any CPU
		{48D84537-E2AE-4A37-BC5D-58A8BD0D5B76}.Debug|Any CPU.Build.0 = Debug|Any CPU
		{48D84537-E2AE-4A37-BC5D-58A8BD0D5B76}.Debug|x64.ActiveCfg = Debug|Any CPU
		{48D84537-E2AE-4A37-BC5D-58A8BD0D5B76}.Debug|x64.Build.0 = Debug|Any CPU
		{48D84537-E2AE-4A37-BC5D-58A8BD0D5B76}.Debug|x86.ActiveCfg = Debug|Any CPU
		{48D84537-E2AE-4A37-BC5D-58A8BD0D5B76}.Debug|x86.Build.0 = Debug|Any CPU
		{48D84537-E2AE-4A37-BC5D-58A8BD0D5B76}.Release|Any CPU.ActiveCfg = Release|Any CPU
		{48D84537-E2AE-4A37-BC5D-58A8BD0D5B76}.Release|Any CPU.Build.0 = Release|Any CPU
		{48D84537-E2AE-4A37-BC5D-58A8BD0D5B76}.Release|x64.ActiveCfg = Release|Any CPU
		{48D84537-E2AE-4A37-BC5D-58A8BD0D5B76}.Release|x64.Build.0 = Release|Any CPU
		{48D84537-E2AE-4A37-BC5D-58A8BD0D5B76}.Release|x86.ActiveCfg = Release|Any CPU
		{48D84537-E2AE-4A37-BC5D-58A8BD0D5B76}.Release|x86.Build.0 = Release|Any CPU
	EndGlobalSection
	GlobalSection(SolutionProperties) = preSolution
		HideSolutionNode = FALSE
	EndGlobalSection
	GlobalSection(NestedProjects) = preSolution
		{C3763A35-48D5-FC42-A1D2-F95B9D6D048D} = {507B8A91-E4F7-728F-AB7D-FD2B6FCA00AD}
		{FDC7462B-08AA-426D-B002-F59437ADF389} = {C3763A35-48D5-FC42-A1D2-F95B9D6D048D}
		{0D81E45B-6C78-4000-AC93-F022CE880DA9} = {C3763A35-48D5-FC42-A1D2-F95B9D6D048D}
		{51B02B4F-C666-4387-9320-E26C4C928000} = {C3763A35-48D5-FC42-A1D2-F95B9D6D048D}
		{2B75DB83-E4B1-4679-8CF9-9D5F783A43E9} = {C3763A35-48D5-FC42-A1D2-F95B9D6D048D}
		{36590625-CBD7-341E-9646-3E4D171B6B53} = {CEBFBBCA-5594-058F-1B4F-7859BC665445}
		{3956380C-DB7E-4EF9-80D3-68F9B107B562} = {36590625-CBD7-341E-9646-3E4D171B6B53}
		{055B867F-47FE-4C90-A6C4-AB66BC841BC2} = {36590625-CBD7-341E-9646-3E4D171B6B53}
		{63932252-D10D-471E-82F9-707B6B28E804} = {36590625-CBD7-341E-9646-3E4D171B6B53}
		{3AA65EBC-388E-4789-8DF1-9CF3699DD222} = {36590625-CBD7-341E-9646-3E4D171B6B53}
		{1CBFB84C-85D8-4231-82B6-FFE627EF28FA} = {36590625-CBD7-341E-9646-3E4D171B6B53}
		{A910A633-008A-E96C-ADE8-E734DAD8F51F} = {CEBFBBCA-5594-058F-1B4F-7859BC665445}
		{93BB3926-7C0B-461B-88CA-D58A15CE78C6} = {A910A633-008A-E96C-ADE8-E734DAD8F51F}
		{C09CD186-E697-47A1-9EC6-028943812C3D} = {A910A633-008A-E96C-ADE8-E734DAD8F51F}
		{006DDA1C-44AC-41E4-AF0F-AA88D18B06E5} = {A910A633-008A-E96C-ADE8-E734DAD8F51F}
		{48D84537-E2AE-4A37-BC5D-58A8BD0D5B76} = {A910A633-008A-E96C-ADE8-E734DAD8F51F}
	EndGlobalSection
	GlobalSection(ExtensibilityGlobals) = postSolution
		SolutionGuid = {E8F19A4D-9E18-4ECF-BDD8-26A150831403}
	EndGlobalSection
EndGlobal
