
Microsoft Visual Studio Solution File, Format Version 12.00
# Visual Studio Version 17
VisualStudioVersion = 17.0.31903.59
MinimumVisualStudioVersion = 10.0.40219.1
Project("{2150E333-8FDC-42A3-9474-1A3956D46DE8}") = "src", "src", "{827E0CD3-B72D-47B6-A68D-7590B98EB39B}"
EndProject
Project("{FAE04EC0-301F-11D3-BF4B-00C04F79EFBC}") = "User.Api", "src\User.Api\User.Api.csproj", "{736DD01F-8219-421D-B513-63DF3B8E06E8}"
EndProject
Project("{FAE04EC0-301F-11D3-BF4B-00C04F79EFBC}") = "User.Application", "src\User.Application\User.Application.csproj", "{7F9A3188-388D-44D8-A084-79804AE81EF3}"
EndProject
Project("{FAE04EC0-301F-11D3-BF4B-00C04F79EFBC}") = "User.Domain", "src\User.Domain\User.Domain.csproj", "{1F9561C3-FBBD-463C-B09A-6F05A16C71E9}"
EndProject
Project("{FAE04EC0-301F-11D3-BF4B-00C04F79EFBC}") = "User.Infrastructure", "src\User.Infrastructure\User.Infrastructure.csproj", "{3C433616-3234-4D34-B46D-28740ECB3575}"
EndProject
Global
	GlobalSection(SolutionConfigurationPlatforms) = preSolution
		Debug|Any CPU = Debug|Any CPU
		Debug|x64 = Debug|x64
		Debug|x86 = Debug|x86
		Release|Any CPU = Release|Any CPU
		Release|x64 = Release|x64
		Release|x86 = Release|x86
	EndGlobalSection
	GlobalSection(ProjectConfigurationPlatforms) = postSolution
		{736DD01F-8219-421D-B513-63DF3B8E06E8}.Debug|Any CPU.ActiveCfg = Debug|Any CPU
		{736DD01F-8219-421D-B513-63DF3B8E06E8}.Debug|Any CPU.Build.0 = Debug|Any CPU
		{736DD01F-8219-421D-B513-63DF3B8E06E8}.Debug|x64.ActiveCfg = Debug|Any CPU
		{736DD01F-8219-421D-B513-63DF3B8E06E8}.Debug|x64.Build.0 = Debug|Any CPU
		{736DD01F-8219-421D-B513-63DF3B8E06E8}.Debug|x86.ActiveCfg = Debug|Any CPU
		{736DD01F-8219-421D-B513-63DF3B8E06E8}.Debug|x86.Build.0 = Debug|Any CPU
		{736DD01F-8219-421D-B513-63DF3B8E06E8}.Release|Any CPU.ActiveCfg = Release|Any CPU
		{736DD01F-8219-421D-B513-63DF3B8E06E8}.Release|Any CPU.Build.0 = Release|Any CPU
		{736DD01F-8219-421D-B513-63DF3B8E06E8}.Release|x64.ActiveCfg = Release|Any CPU
		{736DD01F-8219-421D-B513-63DF3B8E06E8}.Release|x64.Build.0 = Release|Any CPU
		{736DD01F-8219-421D-B513-63DF3B8E06E8}.Release|x86.ActiveCfg = Release|Any CPU
		{736DD01F-8219-421D-B513-63DF3B8E06E8}.Release|x86.Build.0 = Release|Any CPU
		{7F9A3188-388D-44D8-A084-79804AE81EF3}.Debug|Any CPU.ActiveCfg = Debug|Any CPU
		{7F9A3188-388D-44D8-A084-79804AE81EF3}.Debug|Any CPU.Build.0 = Debug|Any CPU
		{7F9A3188-388D-44D8-A084-79804AE81EF3}.Debug|x64.ActiveCfg = Debug|Any CPU
		{7F9A3188-388D-44D8-A084-79804AE81EF3}.Debug|x64.Build.0 = Debug|Any CPU
		{7F9A3188-388D-44D8-A084-79804AE81EF3}.Debug|x86.ActiveCfg = Debug|Any CPU
		{7F9A3188-388D-44D8-A084-79804AE81EF3}.Debug|x86.Build.0 = Debug|Any CPU
		{7F9A3188-388D-44D8-A084-79804AE81EF3}.Release|Any CPU.ActiveCfg = Release|Any CPU
		{7F9A3188-388D-44D8-A084-79804AE81EF3}.Release|Any CPU.Build.0 = Release|Any CPU
		{7F9A3188-388D-44D8-A084-79804AE81EF3}.Release|x64.ActiveCfg = Release|Any CPU
		{7F9A3188-388D-44D8-A084-79804AE81EF3}.Release|x64.Build.0 = Release|Any CPU
		{7F9A3188-388D-44D8-A084-79804AE81EF3}.Release|x86.ActiveCfg = Release|Any CPU
		{7F9A3188-388D-44D8-A084-79804AE81EF3}.Release|x86.Build.0 = Release|Any CPU
		{1F9561C3-FBBD-463C-B09A-6F05A16C71E9}.Debug|Any CPU.ActiveCfg = Debug|Any CPU
		{1F9561C3-FBBD-463C-B09A-6F05A16C71E9}.Debug|Any CPU.Build.0 = Debug|Any CPU
		{1F9561C3-FBBD-463C-B09A-6F05A16C71E9}.Debug|x64.ActiveCfg = Debug|Any CPU
		{1F9561C3-FBBD-463C-B09A-6F05A16C71E9}.Debug|x64.Build.0 = Debug|Any CPU
		{1F9561C3-FBBD-463C-B09A-6F05A16C71E9}.Debug|x86.ActiveCfg = Debug|Any CPU
		{1F9561C3-FBBD-463C-B09A-6F05A16C71E9}.Debug|x86.Build.0 = Debug|Any CPU
		{1F9561C3-FBBD-463C-B09A-6F05A16C71E9}.Release|Any CPU.ActiveCfg = Release|Any CPU
		{1F9561C3-FBBD-463C-B09A-6F05A16C71E9}.Release|Any CPU.Build.0 = Release|Any CPU
		{1F9561C3-FBBD-463C-B09A-6F05A16C71E9}.Release|x64.ActiveCfg = Release|Any CPU
		{1F9561C3-FBBD-463C-B09A-6F05A16C71E9}.Release|x64.Build.0 = Release|Any CPU
		{1F9561C3-FBBD-463C-B09A-6F05A16C71E9}.Release|x86.ActiveCfg = Release|Any CPU
		{1F9561C3-FBBD-463C-B09A-6F05A16C71E9}.Release|x86.Build.0 = Release|Any CPU
		{3C433616-3234-4D34-B46D-28740ECB3575}.Debug|Any CPU.ActiveCfg = Debug|Any CPU
		{3C433616-3234-4D34-B46D-28740ECB3575}.Debug|Any CPU.Build.0 = Debug|Any CPU
		{3C433616-3234-4D34-B46D-28740ECB3575}.Debug|x64.ActiveCfg = Debug|Any CPU
		{3C433616-3234-4D34-B46D-28740ECB3575}.Debug|x64.Build.0 = Debug|Any CPU
		{3C433616-3234-4D34-B46D-28740ECB3575}.Debug|x86.ActiveCfg = Debug|Any CPU
		{3C433616-3234-4D34-B46D-28740ECB3575}.Debug|x86.Build.0 = Debug|Any CPU
		{3C433616-3234-4D34-B46D-28740ECB3575}.Release|Any CPU.ActiveCfg = Release|Any CPU
		{3C433616-3234-4D34-B46D-28740ECB3575}.Release|Any CPU.Build.0 = Release|Any CPU
		{3C433616-3234-4D34-B46D-28740ECB3575}.Release|x64.ActiveCfg = Release|Any CPU
		{3C433616-3234-4D34-B46D-28740ECB3575}.Release|x64.Build.0 = Release|Any CPU
		{3C433616-3234-4D34-B46D-28740ECB3575}.Release|x86.ActiveCfg = Release|Any CPU
		{3C433616-3234-4D34-B46D-28740ECB3575}.Release|x86.Build.0 = Release|Any CPU
	EndGlobalSection
	GlobalSection(SolutionProperties) = preSolution
		HideSolutionNode = FALSE
	EndGlobalSection
	GlobalSection(NestedProjects) = preSolution
		{736DD01F-8219-421D-B513-63DF3B8E06E8} = {827E0CD3-B72D-47B6-A68D-7590B98EB39B}
		{7F9A3188-388D-44D8-A084-79804AE81EF3} = {827E0CD3-B72D-47B6-A68D-7590B98EB39B}
		{1F9561C3-FBBD-463C-B09A-6F05A16C71E9} = {827E0CD3-B72D-47B6-A68D-7590B98EB39B}
		{3C433616-3234-4D34-B46D-28740ECB3575} = {827E0CD3-B72D-47B6-A68D-7590B98EB39B}
	EndGlobalSection
EndGlobal
